Microsoft Visual Studio Solution File, Format Version 12.00
# Visual Studio Version 17
VisualStudioVersion = 17.5.2.0
MinimumVisualStudioVersion = 10.0.40219.1
Project("{FAE04EC0-301F-11D3-BF4B-00C04F79EFBC}") = "ServitecAPI", "backend-csharp\ServitecAPI.csproj", "{A9DDED44-AFCF-6148-E2B7-8F4CD9BA38DD}"
EndProject
Global
	GlobalSection(SolutionConfigurationPlatforms) = preSolution
		Debug|Any CPU = Debug|Any CPU
		Release|Any CPU = Release|Any CPU
	EndGlobalSection
	GlobalSection(ProjectConfigurationPlatforms) = postSolution
		{A9DDED44-AFCF-6148-E2B7-8F4CD9BA38DD}.Debug|Any CPU.ActiveCfg = Debug|Any CPU
		{A9DDED44-AFCF-6148-E2B7-8F4CD9BA38DD}.Debug|Any CPU.Build.0 = Debug|Any CPU
		{A9DDED44-AFCF-6148-E2B7-8F4CD9BA38DD}.Release|Any CPU.ActiveCfg = Release|Any CPU
		{A9DDED44-AFCF-6148-E2B7-8F4CD9BA38DD}.Release|Any CPU.Build.0 = Release|Any CPU
	EndGlobalSection
	GlobalSection(SolutionProperties) = preSolution
		HideSolutionNode = FALSE
	EndGlobalSection
	GlobalSection(ExtensibilityGlobals) = postSolution
		SolutionGuid = {67AC05E1-1391-4A00-8733-292CDEF1E8A7}
	EndGlobalSection
EndGlobal
